
Microsoft Visual Studio Solution File, Format Version 12.00
# Visual Studio Version 17
VisualStudioVersion = 17.4.33213.308
MinimumVisualStudioVersion = 10.0.40219.1
Project("{9A19103F-16F7-4668-BE54-9A1E7A4F7556}") = "Alura0201", "Alura0201.csproj", "{2270D4BD-A9F0-4435-B702-910E5CB2ADB9}"
EndProject
Project("{FAE04EC0-301F-11D3-BF4B-00C04F79EFBC}") = "Alura0202", "..\Alura0202\Alura0202.csproj", "{58D2E6C5-0A7D-4C85-BDD9-02F500F23026}"
EndProject
Global
	GlobalSection(SolutionConfigurationPlatforms) = preSolution
		Debug|Any CPU = Debug|Any CPU
		Release|Any CPU = Release|Any CPU
	EndGlobalSection
	GlobalSection(ProjectConfigurationPlatforms) = postSolution
		{2270D4BD-A9F0-4435-B702-910E5CB2ADB9}.Debug|Any CPU.ActiveCfg = Debug|Any CPU
		{2270D4BD-A9F0-4435-B702-910E5CB2ADB9}.Debug|Any CPU.Build.0 = Debug|Any CPU
		{2270D4BD-A9F0-4435-B702-910E5CB2ADB9}.Release|Any CPU.ActiveCfg = Release|Any CPU
		{2270D4BD-A9F0-4435-B702-910E5CB2ADB9}.Release|Any CPU.Build.0 = Release|Any CPU
		{58D2E6C5-0A7D-4C85-BDD9-02F500F23026}.Debug|Any CPU.ActiveCfg = Debug|Any CPU
		{58D2E6C5-0A7D-4C85-BDD9-02F500F23026}.Debug|Any CPU.Build.0 = Debug|Any CPU
		{58D2E6C5-0A7D-4C85-BDD9-02F500F23026}.Release|Any CPU.ActiveCfg = Release|Any CPU
		{58D2E6C5-0A7D-4C85-BDD9-02F500F23026}.Release|Any CPU.Build.0 = Release|Any CPU
	EndGlobalSection
	GlobalSection(SolutionProperties) = preSolution
		HideSolutionNode = FALSE
	EndGlobalSection
	GlobalSection(ExtensibilityGlobals) = postSolution
		SolutionGuid = {668DF660-FB4A-46CF-A211-ECCCC9A59B14}
	EndGlobalSection
EndGlobal
